{
  "version": 4,
  "terraform_version": "1.9.5",
  "serial": 15,
  "lineage": "29e5738b-a31d-fa29-85fe-c59317e83b84",
  "outputs": {},
  "resources": [
    {
      "mode": "managed",
      "type": "aws_iam_policy",
      "name": "nba_policy",
      "provider": "provider[\"registry.terraform.io/hashicorp/aws\"]",
      "instances": [
        {
          "schema_version": 0,
          "attributes": {
            "arn": "arn:aws:iam::422057007813:policy/na_policy",
            "attachment_count": 1,
            "description": "Policy for NBA function to create s3, glue crawlers and athena queries",
            "id": "arn:aws:iam::422057007813:policy/na_policy",
            "name": "na_policy",
            "name_prefix": "",
            "path": "/",
            "policy": "{\"Statement\":[{\"Action\":[\"s3:CreateBucket\",\"s3:PutObject\",\"s3:GetObject\",\"s3:DeleteObject\",\"s3:ListBucket\"],\"Effect\":\"Allow\",\"Resource\":[\"arn:aws:s3:::sports-analytics-data-lake\",\"arn:aws:s3:::sports-analytics-data-lake/*\"]},{\"Action\":[\"glue:CreateDatabase\",\"glue:DeleteDatabase\",\"glue:GetDatabase\",\"glue:GetDatabases\",\"glue:CreateTable\",\"glue:DeleteTable\",\"glue:GetTable\",\"glue:GetTables\",\"glue:UpdateTable\"],\"Effect\":\"Allow\",\"Resource\":[\"arn:aws:glue:*:*:catalog\",\"arn:aws:glue:*:*:database/glue_nba_data_lake\",\"arn:aws:glue:*:*:table/glue_nba_data_lake/*\"]},{\"Action\":[\"athena:StartQueryExecution\",\"athena:GetQueryExecution\",\"athena:GetQueryResults\"],\"Effect\":\"Allow\",\"Resource\":\"*\"},{\"Action\":[\"s3:PutObject\"],\"Effect\":\"Allow\",\"Resource\":[\"arn:aws:s3:::sports-analytics-data-lake/athena-results/*\"]}],\"Version\":\"2012-10-17\"}",
            "policy_id": "ANPAWEREO3LCWEPOMCLCI",
            "tags": {},
            "tags_all": {}
          },
          "sensitive_attributes": [],
          "private": "bnVsbA=="
        }
      ]
    },
    {
      "mode": "managed",
      "type": "aws_iam_role",
      "name": "nba_function_role",
      "provider": "provider[\"registry.terraform.io/hashicorp/aws\"]",
      "instances": [
        {
          "schema_version": 0,
          "attributes": {
            "arn": "arn:aws:iam::422057007813:role/nba_function_role",
            "assume_role_policy": "{\"Statement\":[{\"Action\":\"sts:AssumeRole\",\"Effect\":\"Allow\",\"Principal\":{\"Service\":\"lambda.amazonaws.com\"}}],\"Version\":\"2012-10-17\"}",
            "create_date": "2025-02-04T16:17:48Z",
            "description": "",
            "force_detach_policies": false,
            "id": "nba_function_role",
            "inline_policy": [],
            "managed_policy_arns": [
              "arn:aws:iam::422057007813:policy/na_policy"
            ],
            "max_session_duration": 3600,
            "name": "nba_function_role",
            "name_prefix": "",
            "path": "/",
            "permissions_boundary": "",
            "tags": {},
            "tags_all": {},
            "unique_id": "AROAWEREO3LC44YDEAT43"
          },
          "sensitive_attributes": [],
          "private": "bnVsbA=="
        }
      ]
    },
    {
      "mode": "managed",
      "type": "aws_iam_role_policy_attachment",
      "name": "nba_function_policy_attachment",
      "provider": "provider[\"registry.terraform.io/hashicorp/aws\"]",
      "instances": [
        {
          "schema_version": 0,
          "attributes": {
            "id": "nba_function_role-20250204162846326500000001",
            "policy_arn": "arn:aws:iam::422057007813:policy/na_policy",
            "role": "nba_function_role"
          },
          "sensitive_attributes": [],
          "private": "bnVsbA==",
          "dependencies": [
            "aws_iam_policy.nba_policy",
            "aws_iam_role.nba_function_role"
          ]
        }
      ]
    },
    {
      "mode": "managed",
      "type": "aws_lambda_function",
      "name": "nba_function",
      "provider": "provider[\"registry.terraform.io/hashicorp/aws\"]",
      "instances": [
        {
          "schema_version": 0,
          "attributes": {
            "architectures": [
              "x86_64"
            ],
            "arn": "arn:aws:lambda:us-east-1:422057007813:function:nba_function",
            "code_sha256": "iMpS5wCzb1GIV4Nz2Orb3wIQbqynINL5vS5CJ//CcVw=",
            "code_signing_config_arn": "",
            "dead_letter_config": [],
            "description": "",
            "environment": [
              {
                "variables": {
                  "NBA_ENDPOINT": "https://api.sportsdata.io/v3/nba/scores/json/Players",
                  "SPORT_DATA_API_KEY": "24b3cd5349c9471581dbe3a843cc36ec"
                }
              }
            ],
            "ephemeral_storage": [
              {
                "size": 512
              }
            ],
            "file_system_config": [],
            "filename": "lambda/lambda.zip",
            "function_name": "nba_function",
            "handler": "lambda.lambda_handler",
            "id": "nba_function",
            "image_config": [],
            "image_uri": "",
            "invoke_arn": "arn:aws:apigateway:us-east-1:lambda:path/2015-03-31/functions/arn:aws:lambda:us-east-1:422057007813:function:nba_function/invocations",
            "kms_key_arn": "",
            "last_modified": "2025-02-04T17:04:58.000+0000",
            "layers": [],
            "logging_config": [
              {
                "application_log_level": "",
                "log_format": "Text",
                "log_group": "/aws/lambda/nba_function",
                "system_log_level": ""
              }
            ],
            "memory_size": 128,
            "package_type": "Zip",
            "publish": false,
            "qualified_arn": "arn:aws:lambda:us-east-1:422057007813:function:nba_function:$LATEST",
            "qualified_invoke_arn": "arn:aws:apigateway:us-east-1:lambda:path/2015-03-31/functions/arn:aws:lambda:us-east-1:422057007813:function:nba_function:$LATEST/invocations",
            "replace_security_groups_on_destroy": null,
            "replacement_security_group_ids": null,
            "reserved_concurrent_executions": -1,
            "role": "arn:aws:iam::422057007813:role/nba_function_role",
            "runtime": "python3.12",
            "s3_bucket": null,
            "s3_key": null,
            "s3_object_version": null,
            "signing_job_arn": "",
            "signing_profile_version_arn": "",
            "skip_destroy": false,
            "snap_start": [],
            "source_code_hash": "1g3DPcSgod1eI+sYgqxP3JqzVIcuiYEhvhxiWmSjXnE=",
            "source_code_size": 1919,
            "tags": {},
            "tags_all": {},
            "timeout": 3,
            "timeouts": null,
            "tracing_config": [
              {
                "mode": "PassThrough"
              }
            ],
            "version": "$LATEST",
            "vpc_config": []
          },
          "sensitive_attributes": [],
          "private": "eyJlMmJmYjczMC1lY2FhLTExZTYtOGY4OC0zNDM2M2JjN2M0YzAiOnsiY3JlYXRlIjo2MDAwMDAwMDAwMDAsImRlbGV0ZSI6NjAwMDAwMDAwMDAwLCJ1cGRhdGUiOjYwMDAwMDAwMDAwMH19",
          "dependencies": [
            "aws_iam_role.nba_function_role"
          ]
        }
      ]
    }
  ],
  "check_results": null
}
